// !$*UTF8*$!
{
	archiveVersion = 1;
	classes = {
	};
	objectVersion = 50;
	objects = {

/* Begin PBXBuildFile section */
		1E83AAAE207B570900E0C0ED /* AppDelegate.swift in Sources */ = {isa = PBXBuildFile; fileRef = 1E83AAAD207B570900E0C0ED /* AppDelegate.swift */; };
		1E83AAB0207B570900E0C0ED /* ViewController.swift in Sources */ = {isa = PBXBuildFile; fileRef = 1E83AAAF207B570900E0C0ED /* ViewController.swift */; };
		1E83AAB3207B570900E0C0ED /* Main.storyboard in Resources */ = {isa = PBXBuildFile; fileRef = 1E83AAB1207B570900E0C0ED /* Main.storyboard */; };
		1E83AAB5207B570B00E0C0ED /* Assets.xcassets in Resources */ = {isa = PBXBuildFile; fileRef = 1E83AAB4207B570B00E0C0ED /* Assets.xcassets */; };
		1E83AAB8207B570B00E0C0ED /* LaunchScreen.storyboard in Resources */ = {isa = PBXBuildFile; fileRef = 1E83AAB6207B570B00E0C0ED /* LaunchScreen.storyboard */; };
		1E83AAC3207B570C00E0C0ED /* dentaku_oniTests.swift in Sources */ = {isa = PBXBuildFile; fileRef = 1E83AAC2207B570C00E0C0ED /* dentaku_oniTests.swift */; };
		1E83AACE207B570C00E0C0ED /* dentaku_oniUITests.swift in Sources */ = {isa = PBXBuildFile; fileRef = 1E83AACD207B570C00E0C0ED /* dentaku_oniUITests.swift */; };
/* End PBXBuildFile section */

/* Begin PBXContainerItemProxy section */
		1E83AABF207B570C00E0C0ED /* PBXContainerItemProxy */ = {
			isa = PBXContainerItemProxy;
			containerPortal = 1E83AAA2207B570900E0C0ED /* Project object */;
			proxyType = 1;
			remoteGlobalIDString = 1E83AAA9207B570900E0C0ED;
			remoteInfo = "dentaku oni";
		};
		1E83AACA207B570C00E0C0ED /* PBXContainerItemProxy */ = {
			isa = PBXContainerItemProxy;
			containerPortal = 1E83AAA2207B570900E0C0ED /* Project object */;
			proxyType = 1;
			remoteGlobalIDString = 1E83AAA9207B570900E0C0ED;
			remoteInfo = "dentaku oni";
		};
/* End PBXContainerItemProxy section */

/* Begin PBXFileReference section */
		1E83AAAA207B570900E0C0ED /* dentaku oni.app */ = {isa = PBXFileReference; explicitFileType = wrapper.application; includeInIndex = 0; path = "dentaku oni.app"; sourceTree = BUILT_PRODUCTS_DIR; };
		1E83AAAD207B570900E0C0ED /* AppDelegate.swift */ = {isa = PBXFileReference; lastKnownFileType = sourcecode.swift; path = AppDelegate.swift; sourceTree = "<group>"; };
		1E83AAAF207B570900E0C0ED /* ViewController.swift */ = {isa = PBXFileReference; lastKnownFileType = sourcecode.swift; path = ViewController.swift; sourceTree = "<group>"; };
		1E83AAB2207B570900E0C0ED /* Base */ = {isa = PBXFileReference; lastKnownFileType = file.storyboard; name = Base; path = Base.lproj/Main.storyboard; sourceTree = "<group>"; };
		1E83AAB4207B570B00E0C0ED /* Assets.xcassets */ = {isa = PBXFileReference; lastKnownFileType = folder.assetcatalog; path = Assets.xcassets; sourceTree = "<group>"; };
		1E83AAB7207B570B00E0C0ED /* Base */ = {isa = PBXFileReference; lastKnownFileType = file.storyboard; name = Base; path = Base.lproj/LaunchScreen.storyboard; sourceTree = "<group>"; };
		1E83AAB9207B570B00E0C0ED /* Info.plist */ = {isa = PBXFileReference; lastKnownFileType = text.plist.xml; path = Info.plist; sourceTree = "<group>"; };
		1E83AABE207B570C00E0C0ED /* dentaku oniTests.xctest */ = {isa = PBXFileReference; explicitFileType = wrapper.cfbundle; includeInIndex = 0; path = "dentaku oniTests.xctest"; sourceTree = BUILT_PRODUCTS_DIR; };
		1E83AAC2207B570C00E0C0ED /* dentaku_oniTests.swift */ = {isa = PBXFileReference; lastKnownFileType = sourcecode.swift; path = dentaku_oniTests.swift; sourceTree = "<group>"; };
		1E83AAC4207B570C00E0C0ED /* Info.plist */ = {isa = PBXFileReference; lastKnownFileType = text.plist.xml; path = Info.plist; sourceTree = "<group>"; };
		1E83AAC9207B570C00E0C0ED /* dentaku oniUITests.xctest */ = {isa = PBXFileReference; explicitFileType = wrapper.cfbundle; includeInIndex = 0; path = "dentaku oniUITests.xctest"; sourceTree = BUILT_PRODUCTS_DIR; };
		1E83AACD207B570C00E0C0ED /* dentaku_oniUITests.swift */ = {isa = PBXFileReference; lastKnownFileType = sourcecode.swift; path = dentaku_oniUITests.swift; sourceTree = "<group>"; };
		1E83AACF207B570C00E0C0ED /* Info.plist */ = {isa = PBXFileReference; lastKnownFileType = text.plist.xml; path = Info.plist; sourceTree = "<group>"; };
/* End PBXFileReference section */

/* Begin PBXFrameworksBuildPhase section */
		1E83AAA7207B570900E0C0ED /* Frameworks */ = {
			isa = PBXFrameworksBuildPhase;
			buildActionMask = 2147483647;
			files = (
			);
			runOnlyForDeploymentPostprocessing = 0;
		};
		1E83AABB207B570C00E0C0ED /* Frameworks */ = {
			isa = PBXFrameworksBuildPhase;
			buildActionMask = 2147483647;
			files = (
			);
			runOnlyForDeploymentPostprocessing = 0;
		};
		1E83AAC6207B570C00E0C0ED /* Frameworks */ = {
			isa = PBXFrameworksBuildPhase;
			buildActionMask = 2147483647;
			files = (
			);
			runOnlyForDeploymentPostprocessing = 0;
		};
/* End PBXFrameworksBuildPhase section */

/* Begin PBXGroup section */
		1E83AAA1207B570900E0C0ED = {
			isa = PBXGroup;
			children = (
				1E83AAAC207B570900E0C0ED /* dentaku oni */,
				1E83AAC1207B570C00E0C0ED /* dentaku oniTests */,
				1E83AACC207B570C00E0C0ED /* dentaku oniUITests */,
				1E83AAAB207B570900E0C0ED /* Products */,
			);
			sourceTree = "<group>";
		};
		1E83AAAB207B570900E0C0ED /* Products */ = {
			isa = PBXGroup;
			children = (
				1E83AAAA207B570900E0C0ED /* dentaku oni.app */,
				1E83AABE207B570C00E0C0ED /* dentaku oniTests.xctest */,
				1E83AAC9207B570C00E0C0ED /* dentaku oniUITests.xctest */,
			);
			name = Products;
			sourceTree = "<group>";
		};
		1E83AAAC207B570900E0C0ED /* dentaku oni */ = {
			isa = PBXGroup;
			children = (
				1E83AAAD207B570900E0C0ED /* AppDelegate.swift */,
				1E83AAAF207B570900E0C0ED /* ViewController.swift */,
				1E83AAB1207B570900E0C0ED /* Main.storyboard */,
				1E83AAB4207B570B00E0C0ED /* Assets.xcassets */,
				1E83AAB6207B570B00E0C0ED /* LaunchScreen.storyboard */,
				1E83AAB9207B570B00E0C0ED /* Info.plist */,
			);
			path = "dentaku oni";
			sourceTree = "<group>";
		};
		1E83AAC1207B570C00E0C0ED /* dentaku oniTests */ = {
			isa = PBXGroup;
			children = (
				1E83AAC2207B570C00E0C0ED /* dentaku_oniTests.swift */,
				1E83AAC4207B570C00E0C0ED /* Info.plist */,
			);
			path = "dentaku oniTests";
			sourceTree = "<group>";
		};
		1E83AACC207B570C00E0C0ED /* dentaku oniUITests */ = {
			isa = PBXGroup;
			children = (
				1E83AACD207B570C00E0C0ED /* dentaku_oniUITests.swift */,
				1E83AACF207B570C00E0C0ED /* Info.plist */,
			);
			path = "dentaku oniUITests";
			sourceTree = "<group>";
		};
/* End PBXGroup section */

/* Begin PBXNativeTarget section */
		1E83AAA9207B570900E0C0ED /* dentaku oni */ = {
			isa = PBXNativeTarget;
			buildConfigurationList = 1E83AAD2207B570C00E0C0ED /* Build configuration list for PBXNativeTarget "dentaku oni" */;
			buildPhases = (
				1E83AAA6207B570900E0C0ED /* Sources */,
				1E83AAA7207B570900E0C0ED /* Frameworks */,
				1E83AAA8207B570900E0C0ED /* Resources */,
			);
			buildRules = (
			);
			dependencies = (
			);
			name = "dentaku oni";
			productName = "dentaku oni";
			productReference = 1E83AAAA207B570900E0C0ED /* dentaku oni.app */;
			productType = "com.apple.product-type.application";
		};
		1E83AABD207B570C00E0C0ED /* dentaku oniTests */ = {
			isa = PBXNativeTarget;
			buildConfigurationList = 1E83AAD5207B570C00E0C0ED /* Build configuration list for PBXNativeTarget "dentaku oniTests" */;
			buildPhases = (
				1E83AABA207B570C00E0C0ED /* Sources */,
				1E83AABB207B570C00E0C0ED /* Frameworks */,
				1E83AABC207B570C00E0C0ED /* Resources */,
			);
			buildRules = (
			);
			dependencies = (
				1E83AAC0207B570C00E0C0ED /* PBXTargetDependency */,
			);
			name = "dentaku oniTests";
			productName = "dentaku oniTests";
			productReference = 1E83AABE207B570C00E0C0ED /* dentaku oniTests.xctest */;
			productType = "com.apple.product-type.bundle.unit-test";
		};
		1E83AAC8207B570C00E0C0ED /* dentaku oniUITests */ = {
			isa = PBXNativeTarget;
			buildConfigurationList = 1E83AAD8207B570C00E0C0ED /* Build configuration list for PBXNativeTarget "dentaku oniUITests" */;
			buildPhases = (
				1E83AAC5207B570C00E0C0ED /* Sources */,
				1E83AAC6207B570C00E0C0ED /* Frameworks */,
				1E83AAC7207B570C00E0C0ED /* Resources */,
			);
			buildRules = (
			);
			dependencies = (
				1E83AACB207B570C00E0C0ED /* PBXTargetDependency */,
			);
			name = "dentaku oniUITests";
			productName = "dentaku oniUITests";
			productReference = 1E83AAC9207B570C00E0C0ED /* dentaku oniUITests.xctest */;
			productType = "com.apple.product-type.bundle.ui-testing";
		};
/* End PBXNativeTarget section */

/* Begin PBXProject section */
		1E83AAA2207B570900E0C0ED /* Project object */ = {
			isa = PBXProject;
			attributes = {
				LastSwiftUpdateCheck = 0930;
				LastUpgradeCheck = 0930;
				ORGANIZATIONNAME = "原あゆみ";
				TargetAttributes = {
					1E83AAA9207B570900E0C0ED = {
						CreatedOnToolsVersion = 9.3;
					};
					1E83AABD207B570C00E0C0ED = {
						CreatedOnToolsVersion = 9.3;
						TestTargetID = 1E83AAA9207B570900E0C0ED;
					};
					1E83AAC8207B570C00E0C0ED = {
						CreatedOnToolsVersion = 9.3;
						TestTargetID = 1E83AAA9207B570900E0C0ED;
					};
				};
			};
			buildConfigurationList = 1E83AAA5207B570900E0C0ED /* Build configuration list for PBXProject "dentaku oni" */;
			compatibilityVersion = "Xcode 9.3";
			developmentRegion = en;
			hasScannedForEncodings = 0;
			knownRegions = (
				en,
				Base,
			);
			mainGroup = 1E83AAA1207B570900E0C0ED;
			productRefGroup = 1E83AAAB207B570900E0C0ED /* Products */;
			projectDirPath = "";
			projectRoot = "";
			targets = (
				1E83AAA9207B570900E0C0ED /* dentaku oni */,
				1E83AABD207B570C00E0C0ED /* dentaku oniTests */,
				1E83AAC8207B570C00E0C0ED /* dentaku oniUITests */,
			);
		};
/* End PBXProject section */

/* Begin PBXResourcesBuildPhase section */
		1E83AAA8207B570900E0C0ED /* Resources */ = {
			isa = PBXResourcesBuildPhase;
			buildActionMask = 2147483647;
			files = (
				1E83AAB8207B570B00E0C0ED /* LaunchScreen.storyboard in Resources */,
				1E83AAB5207B570B00E0C0ED /* Assets.xcassets in Resources */,
				1E83AAB3207B570900E0C0ED /* Main.storyboard in Resources */,
			);
			runOnlyForDeploymentPostprocessing = 0;
		};
		1E83AABC207B570C00E0C0ED /* Resources */ = {
			isa = PBXResourcesBuildPhase;
			buildActionMask = 2147483647;
			files = (
			);
			runOnlyForDeploymentPostprocessing = 0;
		};
		1E83AAC7207B570C00E0C0ED /* Resources */ = {
			isa = PBXResourcesBuildPhase;
			buildActionMask = 2147483647;
			files = (
			);
			runOnlyForDeploymentPostprocessing = 0;
		};
/* End PBXResourcesBuildPhase section */

/* Begin PBXSourcesBuildPhase section */
		1E83AAA6207B570900E0C0ED /* Sources */ = {
			isa = PBXSourcesBuildPhase;
			buildActionMask = 2147483647;
			files = (
				1E83AAB0207B570900E0C0ED /* ViewController.swift in Sources */,
				1E83AAAE207B570900E0C0ED /* AppDelegate.swift in Sources */,
			);
			runOnlyForDeploymentPostprocessing = 0;
		};
		1E83AABA207B570C00E0C0ED /* Sources */ = {
			isa = PBXSourcesBuildPhase;
			buildActionMask = 2147483647;
			files = (
				1E83AAC3207B570C00E0C0ED /* dentaku_oniTests.swift in Sources */,
			);
			runOnlyForDeploymentPostprocessing = 0;
		};
		1E83AAC5207B570C00E0C0ED /* Sources */ = {
			isa = PBXSourcesBuildPhase;
			buildActionMask = 2147483647;
			files = (
				1E83AACE207B570C00E0C0ED /* dentaku_oniUITests.swift in Sources */,
			);
			runOnlyForDeploymentPostprocessing = 0;
		};
/* End PBXSourcesBuildPhase section */

/* Begin PBXTargetDependency section */
		1E83AAC0207B570C00E0C0ED /* PBXTargetDependency */ = {
			isa = PBXTargetDependency;
			target = 1E83AAA9207B570900E0C0ED /* dentaku oni */;
			targetProxy = 1E83AABF207B570C00E0C0ED /* PBXContainerItemProxy */;
		};
		1E83AACB207B570C00E0C0ED /* PBXTargetDependency */ = {
			isa = PBXTargetDependency;
			target = 1E83AAA9207B570900E0C0ED /* dentaku oni */;
			targetProxy = 1E83AACA207B570C00E0C0ED /* PBXContainerItemProxy */;
		};
/* End PBXTargetDependency section */

/* Begin PBXVariantGroup section */
		1E83AAB1207B570900E0C0ED /* Main.storyboard */ = {
			isa = PBXVariantGroup;
			children = (
				1E83AAB2207B570900E0C0ED /* Base */,
			);
			name = Main.storyboard;
			sourceTree = "<group>";
		};
		1E83AAB6207B570B00E0C0ED /* LaunchScreen.storyboard */ = {
			isa = PBXVariantGroup;
			children = (
				1E83AAB7207B570B00E0C0ED /* Base */,
			);
			name = LaunchScreen.storyboard;
			sourceTree = "<group>";
		};
/* End PBXVariantGroup section */

/* Begin XCBuildConfiguration section */
		1E83AAD0207B570C00E0C0ED /* Debug */ = {
			isa = XCBuildConfiguration;
			buildSettings = {
				ALWAYS_SEARCH_USER_PATHS = NO;
				CLANG_ANALYZER_NONNULL = YES;
				CLANG_ANALYZER_NUMBER_OBJECT_CONVERSION = YES_AGGRESSIVE;
				CLANG_CXX_LANGUAGE_STANDARD = "gnu++14";
				CLANG_CXX_LIBRARY = "libc++";
				CLANG_ENABLE_MODULES = YES;
				CLANG_ENABLE_OBJC_ARC = YES;
				CLANG_ENABLE_OBJC_WEAK = YES;
				CLANG_WARN_BLOCK_CAPTURE_AUTORELEASING = YES;
				CLANG_WARN_BOOL_CONVERSION = YES;
				CLANG_WARN_COMMA = YES;
				CLANG_WARN_CONSTANT_CONVERSION = YES;
				CLANG_WARN_DEPRECATED_OBJC_IMPLEMENTATIONS = YES;
				CLANG_WARN_DIRECT_OBJC_ISA_USAGE = YES_ERROR;
				CLANG_WARN_DOCUMENTATION_COMMENTS = YES;
				CLANG_WARN_EMPTY_BODY = YES;
				CLANG_WARN_ENUM_CONVERSION = YES;
				CLANG_WARN_INFINITE_RECURSION = YES;
				CLANG_WARN_INT_CONVERSION = YES;
				CLANG_WARN_NON_LITERAL_NULL_CONVERSION = YES;
				CLANG_WARN_OBJC_IMPLICIT_RETAIN_SELF = YES;
				CLANG_WARN_OBJC_LITERAL_CONVERSION = YES;
				CLANG_WARN_OBJC_ROOT_CLASS = YES_ERROR;
				CLANG_WARN_RANGE_LOOP_ANALYSIS = YES;
				CLANG_WARN_STRICT_PROTOTYPES = YES;
				CLANG_WARN_SUSPICIOUS_MOVE = YES;
				CLANG_WARN_UNGUARDED_AVAILABILITY = YES_AGGRESSIVE;
				CLANG_WARN_UNREACHABLE_CODE = YES;
				CLANG_WARN__DUPLICATE_METHOD_MATCH = YES;
				CODE_SIGN_IDENTITY = "iPhone Developer";
				COPY_PHASE_STRIP = NO;
				DEBUG_INFORMATION_FORMAT = dwarf;
				ENABLE_STRICT_OBJC_MSGSEND = YES;
				ENABLE_TESTABILITY = YES;
				GCC_C_LANGUAGE_STANDARD = gnu11;
				GCC_DYNAMIC_NO_PIC = NO;
				GCC_NO_COMMON_BLOCKS = YES;
				GCC_OPTIMIZATION_LEVEL = 0;
				GCC_PREPROCESSOR_DEFINITIONS = (
					"DEBUG=1",
					"$(inherited)",
				);
				GCC_WARN_64_TO_32_BIT_CONVERSION = YES;
				GCC_WARN_ABOUT_RETURN_TYPE = YES_ERROR;
				GCC_WARN_UNDECLARED_SELECTOR = YES;
				GCC_WARN_UNINITIALIZED_AUTOS = YES_AGGRESSIVE;
				GCC_WARN_UNUSED_FUNCTION = YES;
				GCC_WARN_UNUSED_VARIABLE = YES;
				IPHONEOS_DEPLOYMENT_TARGET = 11.3;
				MTL_ENABLE_DEBUG_INFO = YES;
				ONLY_ACTIVE_ARCH = YES;
				SDKROOT = iphoneos;
				SWIFT_ACTIVE_COMPILATION_CONDITIONS = DEBUG;
				SWIFT_OPTIMIZATION_LEVEL = "-Onone";
			};
			name = Debug;
		};
		1E83AAD1207B570C00E0C0ED /* Release */ = {
			isa = XCBuildConfiguration;
			buildSettings = {
				ALWAYS_SEARCH_USER_PATHS = NO;
				CLANG_ANALYZER_NONNULL = YES;
				CLANG_ANALYZER_NUMBER_OBJECT_CONVERSION = YES_AGGRESSIVE;
				CLANG_CXX_LANGUAGE_STANDARD = "gnu++14";
				CLANG_CXX_LIBRARY = "libc++";
				CLANG_ENABLE_MODULES = YES;
				CLANG_ENABLE_OBJC_ARC = YES;
				CLANG_ENABLE_OBJC_WEAK = YES;
				CLANG_WARN_BLOCK_CAPTURE_AUTORELEASING = YES;
				CLANG_WARN_BOOL_CONVERSION = YES;
				CLANG_WARN_COMMA = YES;
				CLANG_WARN_CONSTANT_CONVERSION = YES;
				CLANG_WARN_DEPRECATED_OBJC_IMPLEMENTATIONS = YES;
				CLANG_WARN_DIRECT_OBJC_ISA_USAGE = YES_ERROR;
				CLANG_WARN_DOCUMENTATION_COMMENTS = YES;
				CLANG_WARN_EMPTY_BODY = YES;
				CLANG_WARN_ENUM_CONVERSION = YES;
				CLANG_WARN_INFINITE_RECURSION = YES;
				CLANG_WARN_INT_CONVERSION = YES;
				CLANG_WARN_NON_LITERAL_NULL_CONVERSION = YES;
				CLANG_WARN_OBJC_IMPLICIT_RETAIN_SELF = YES;
				CLANG_WARN_OBJC_LITERAL_CONVERSION = YES;
				CLANG_WARN_OBJC_ROOT_CLASS = YES_ERROR;
				CLANG_WARN_RANGE_LOOP_ANALYSIS = YES;
				CLANG_WARN_STRICT_PROTOTYPES = YES;
				CLANG_WARN_SUSPICIOUS_MOVE = YES;
				CLANG_WARN_UNGUARDED_AVAILABILITY = YES_AGGRESSIVE;
				CLANG_WARN_UNREACHABLE_CODE = YES;
				CLANG_WARN__DUPLICATE_METHOD_MATCH = YES;
				CODE_SIGN_IDENTITY = "iPhone Developer";
				COPY_PHASE_STRIP = NO;
				DEBUG_INFORMATION_FORMAT = "dwarf-with-dsym";
				ENABLE_NS_ASSERTIONS = NO;
				ENABLE_STRICT_OBJC_MSGSEND = YES;
				GCC_C_LANGUAGE_STANDARD = gnu11;
				GCC_NO_COMMON_BLOCKS = YES;
				GCC_WARN_64_TO_32_BIT_CONVERSION = YES;
				GCC_WARN_ABOUT_RETURN_TYPE = YES_ERROR;
				GCC_WARN_UNDECLARED_SELECTOR = YES;
				GCC_WARN_UNINITIALIZED_AUTOS = YES_AGGRESSIVE;
				GCC_WARN_UNUSED_FUNCTION = YES;
				GCC_WARN_UNUSED_VARIABLE = YES;
				IPHONEOS_DEPLOYMENT_TARGET = 11.3;
				MTL_ENABLE_DEBUG_INFO = NO;
				SDKROOT = iphoneos;
				SWIFT_COMPILATION_MODE = wholemodule;
				SWIFT_OPTIMIZATION_LEVEL = "-O";
				VALIDATE_PRODUCT = YES;
			};
			name = Release;
		};
		1E83AAD3207B570C00E0C0ED /* Debug */ = {
			isa = XCBuildConfiguration;
			buildSettings = {
				ASSETCATALOG_COMPILER_APPICON_NAME = AppIcon;
				CODE_SIGN_STYLE = Automatic;
				INFOPLIST_FILE = "dentaku oni/Info.plist";
				LD_RUNPATH_SEARCH_PATHS = (
					"$(inherited)",
					"@executable_path/Frameworks",
				);
				PRODUCT_BUNDLE_IDENTIFIER = "com.harappa.dentaku-oni";
				PRODUCT_NAME = "$(TARGET_NAME)";
				SWIFT_VERSION = 4.0;
				TARGETED_DEVICE_FAMILY = "1,2";
			};
			name = Debug;
		};
		1E83AAD4207B570C00E0C0ED /* Release */ = {
			isa = XCBuildConfiguration;
			buildSettings = {
				ASSETCATALOG_COMPILER_APPICON_NAME = AppIcon;
				CODE_SIGN_STYLE = Automatic;
				INFOPLIST_FILE = "dentaku oni/Info.plist";
				LD_RUNPATH_SEARCH_PATHS = (
					"$(inherited)",
					"@executable_path/Frameworks",
				);
				PRODUCT_BUNDLE_IDENTIFIER = "com.harappa.dentaku-oni";
				PRODUCT_NAME = "$(TARGET_NAME)";
				SWIFT_VERSION = 4.0;
				TARGETED_DEVICE_FAMILY = "1,2";
			};
			name = Release;
		};
		1E83AAD6207B570C00E0C0ED /* Debug */ = {
			isa = XCBuildConfiguration;
			buildSettings = {
				ALWAYS_EMBED_SWIFT_STANDARD_LIBRARIES = YES;
				BUNDLE_LOADER = "$(TEST_HOST)";
				CODE_SIGN_STYLE = Automatic;
				INFOPLIST_FILE = "dentaku oniTests/Info.plist";
				LD_RUNPATH_SEARCH_PATHS = (
					"$(inherited)",
					"@executable_path/Frameworks",
					"@loader_path/Frameworks",
				);
				PRODUCT_BUNDLE_IDENTIFIER = "com.harappa.dentaku-oniTests";
				PRODUCT_NAME = "$(TARGET_NAME)";
				SWIFT_VERSION = 4.0;
				TARGETED_DEVICE_FAMILY = "1,2";
				TEST_HOST = "$(BUILT_PRODUCTS_DIR)/dentaku oni.app/dentaku oni";
			};
			name = Debug;
		};
		1E83AAD7207B570C00E0C0ED /* Release */ = {
			isa = XCBuildConfiguration;
			buildSettings = {
				ALWAYS_EMBED_SWIFT_STANDARD_LIBRARIES = YES;
				BUNDLE_LOADER = "$(TEST_HOST)";
				CODE_SIGN_STYLE = Automatic;
				INFOPLIST_FILE = "dentaku oniTests/Info.plist";
				LD_RUNPATH_SEARCH_PATHS = (
					"$(inherited)",
					"@executable_path/Frameworks",
					"@loader_path/Frameworks",
				);
				PRODUCT_BUNDLE_IDENTIFIER = "com.harappa.dentaku-oniTests";
				PRODUCT_NAME = "$(TARGET_NAME)";
				SWIFT_VERSION = 4.0;
				TARGETED_DEVICE_FAMILY = "1,2";
				TEST_HOST = "$(BUILT_PRODUCTS_DIR)/dentaku oni.app/dentaku oni";
			};
			name = Release;
		};
		1E83AAD9207B570C00E0C0ED /* Debug */ = {
			isa = XCBuildConfiguration;
			buildSettings = {
				ALWAYS_EMBED_SWIFT_STANDARD_LIBRARIES = YES;
				CODE_SIGN_STYLE = Automatic;
				INFOPLIST_FILE = "dentaku oniUITests/Info.plist";
				LD_RUNPATH_SEARCH_PATHS = (
					"$(inherited)",
					"@executable_path/Frameworks",
					"@loader_path/Frameworks",
				);
				PRODUCT_BUNDLE_IDENTIFIER = "com.harappa.dentaku-oniUITests";
				PRODUCT_NAME = "$(TARGET_NAME)";
				SWIFT_VERSION = 4.0;
				TARGETED_DEVICE_FAMILY = "1,2";
				TEST_TARGET_NAME = "dentaku oni";
			};
			name = Debug;
		};
		1E83AADA207B570C00E0C0ED /* Release */ = {
			isa = XCBuildConfiguration;
			buildSettings = {
				ALWAYS_EMBED_SWIFT_STANDARD_LIBRARIES = YES;
				CODE_SIGN_STYLE = Automatic;
				INFOPLIST_FILE = "dentaku oniUITests/Info.plist";
				LD_RUNPATH_SEARCH_PATHS = (
					"$(inherited)",
					"@executable_path/Frameworks",
					"@loader_path/Frameworks",
				);
				PRODUCT_BUNDLE_IDENTIFIER = "com.harappa.dentaku-oniUITests";
				PRODUCT_NAME = "$(TARGET_NAME)";
				SWIFT_VERSION = 4.0;
				TARGETED_DEVICE_FAMILY = "1,2";
				TEST_TARGET_NAME = "dentaku oni";
			};
			name = Release;
		};
/* End XCBuildConfiguration section */

/* Begin XCConfigurationList section */
		1E83AAA5207B570900E0C0ED /* Build configuration list for PBXProject "dentaku oni" */ = {
			isa = XCConfigurationList;
			buildConfigurations = (
				1E83AAD0207B570C00E0C0ED /* Debug */,
				1E83AAD1207B570C00E0C0ED /* Release */,
			);
			defaultConfigurationIsVisible = 0;
			defaultConfigurationName = Release;
		};
		1E83AAD2207B570C00E0C0ED /* Build configuration list for PBXNativeTarget "dentaku oni" */ = {
			isa = XCConfigurationList;
			buildConfigurations = (
				1E83AAD3207B570C00E0C0ED /* Debug */,
				1E83AAD4207B570C00E0C0ED /* Release */,
			);
			defaultConfigurationIsVisible = 0;
			defaultConfigurationName = Release;
		};
		1E83AAD5207B570C00E0C0ED /* Build configuration list for PBXNativeTarget "dentaku oniTests" */ = {
			isa = XCConfigurationList;
			buildConfigurations = (
				1E83AAD6207B570C00E0C0ED /* Debug */,
				1E83AAD7207B570C00E0C0ED /* Release */,
			);
			defaultConfigurationIsVisible = 0;
			defaultConfigurationName = Release;
		};
		1E83AAD8207B570C00E0C0ED /* Build configuration list for PBXNativeTarget "dentaku oniUITests" */ = {
			isa = XCConfigurationList;
			buildConfigurations = (
				1E83AAD9207B570C00E0C0ED /* Debug */,
				1E83AADA207B570C00E0C0ED /* Release */,
			);
			defaultConfigurationIsVisible = 0;
			defaultConfigurationName = Release;
		};
/* End XCConfigurationList section */
	};
	rootObject = 1E83AAA2207B570900E0C0ED /* Project object */;
}
